
Microsoft Visual Studio Solution File, Format Version 12.00
# Visual Studio Version 17
VisualStudioVersion = 17.1.32421.90
MinimumVisualStudioVersion = 10.0.40219.1
Project("{FAE04EC0-301F-11D3-BF4B-00C04F79EFBC}") = "AZS_New", "AZS_New\AZS_New.csproj", "{079CA972-1779-423F-A03D-1289A016C5B8}"
EndProject
Global
	GlobalSection(SolutionConfigurationPlatforms) = preSolution
		Debug|Any CPU = Debug|Any CPU
		Release|Any CPU = Release|Any CPU
	EndGlobalSection
	GlobalSection(ProjectConfigurationPlatforms) = postSolution
		{079CA972-1779-423F-A03D-1289A016C5B8}.Debug|Any CPU.ActiveCfg = Debug|Any CPU
		{079CA972-1779-423F-A03D-1289A016C5B8}.Debug|Any CPU.Build.0 = Debug|Any CPU
		{079CA972-1779-423F-A03D-1289A016C5B8}.Release|Any CPU.ActiveCfg = Release|Any CPU
		{079CA972-1779-423F-A03D-1289A016C5B8}.Release|Any CPU.Build.0 = Release|Any CPU
	EndGlobalSection
	GlobalSection(SolutionProperties) = preSolution
		HideSolutionNode = FALSE
	EndGlobalSection
	GlobalSection(ExtensibilityGlobals) = postSolution
		SolutionGuid = {041287B7-2B96-45EA-BB2A-E2667560D4D9}
	EndGlobalSection
EndGlobal
